// !$*UTF8*$!
{
	archiveVersion = 1;
	classes = {
	};
	objectVersion = 48;
	objects = {

/* Begin PBXBuildFile section */
		83041772206CE41B009EE2EC /* LocationSearchTable.swift in Sources */ = {isa = PBXBuildFile; fileRef = 83041771206CE41B009EE2EC /* LocationSearchTable.swift */; };
		833E4862207CF6140017AB11 /* LocationApi.swift in Sources */ = {isa = PBXBuildFile; fileRef = 833E4861207CF6140017AB11 /* LocationApi.swift */; };
		83492EC82064EF530054FC8F /* AppDelegate.swift in Sources */ = {isa = PBXBuildFile; fileRef = 83492EC72064EF530054FC8F /* AppDelegate.swift */; };
		83492ECA2064EF530054FC8F /* ViewController.swift in Sources */ = {isa = PBXBuildFile; fileRef = 83492EC92064EF530054FC8F /* ViewController.swift */; };
		83492ECD2064EF530054FC8F /* Main.storyboard in Resources */ = {isa = PBXBuildFile; fileRef = 83492ECB2064EF530054FC8F /* Main.storyboard */; };
		83492ECF2064EF530054FC8F /* Assets.xcassets in Resources */ = {isa = PBXBuildFile; fileRef = 83492ECE2064EF530054FC8F /* Assets.xcassets */; };
		83492ED22064EF530054FC8F /* LaunchScreen.storyboard in Resources */ = {isa = PBXBuildFile; fileRef = 83492ED02064EF530054FC8F /* LaunchScreen.storyboard */; };
		83492EDC206504540054FC8F /* Bar.swift in Sources */ = {isa = PBXBuildFile; fileRef = 83492EDB206504540054FC8F /* Bar.swift */; };
		83CDEB55207E857F001FCAD4 /* pouring.mp3 in Resources */ = {isa = PBXBuildFile; fileRef = 83CDEB54207E857F001FCAD4 /* pouring.mp3 */; };
		F5A6E83F2064F0C50003BF23 /* MapKit.framework in Frameworks */ = {isa = PBXBuildFile; fileRef = F5A6E83E2064F0C50003BF23 /* MapKit.framework */; };
		F5A6E8412064F75E0003BF23 /* searchViewController.swift in Sources */ = {isa = PBXBuildFile; fileRef = F5A6E8402064F75E0003BF23 /* searchViewController.swift */; };
		F5A6E8432064F7720003BF23 /* mapViewController.swift in Sources */ = {isa = PBXBuildFile; fileRef = F5A6E8422064F7720003BF23 /* mapViewController.swift */; };
		F5A6E8452064F7860003BF23 /* infoViewController.swift in Sources */ = {isa = PBXBuildFile; fileRef = F5A6E8442064F7860003BF23 /* infoViewController.swift */; };
		F5E315C42077A1380049E2AF /* beer.jpg in Resources */ = {isa = PBXBuildFile; fileRef = F5E315C32077A1360049E2AF /* beer.jpg */; };
		F5E315C62077A1450049E2AF /* beer2.png in Resources */ = {isa = PBXBuildFile; fileRef = F5E315C52077A1450049E2AF /* beer2.png */; };
/* End PBXBuildFile section */

/* Begin PBXFileReference section */
		83041771206CE41B009EE2EC /* LocationSearchTable.swift */ = {isa = PBXFileReference; lastKnownFileType = sourcecode.swift; path = LocationSearchTable.swift; sourceTree = "<group>"; };
		833E4861207CF6140017AB11 /* LocationApi.swift */ = {isa = PBXFileReference; lastKnownFileType = sourcecode.swift; path = LocationApi.swift; sourceTree = "<group>"; };
		83492EC42064EF530054FC8F /* BeerHere.app */ = {isa = PBXFileReference; explicitFileType = wrapper.application; includeInIndex = 0; path = BeerHere.app; sourceTree = BUILT_PRODUCTS_DIR; };
		83492EC72064EF530054FC8F /* AppDelegate.swift */ = {isa = PBXFileReference; lastKnownFileType = sourcecode.swift; path = AppDelegate.swift; sourceTree = "<group>"; };
		83492EC92064EF530054FC8F /* ViewController.swift */ = {isa = PBXFileReference; lastKnownFileType = sourcecode.swift; path = ViewController.swift; sourceTree = "<group>"; };
		83492ECC2064EF530054FC8F /* Base */ = {isa = PBXFileReference; lastKnownFileType = file.storyboard; name = Base; path = Base.lproj/Main.storyboard; sourceTree = "<group>"; };
		83492ECE2064EF530054FC8F /* Assets.xcassets */ = {isa = PBXFileReference; lastKnownFileType = folder.assetcatalog; path = Assets.xcassets; sourceTree = "<group>"; };
		83492ED12064EF530054FC8F /* Base */ = {isa = PBXFileReference; lastKnownFileType = file.storyboard; name = Base; path = Base.lproj/LaunchScreen.storyboard; sourceTree = "<group>"; };
		83492ED32064EF530054FC8F /* Info.plist */ = {isa = PBXFileReference; lastKnownFileType = text.plist.xml; path = Info.plist; sourceTree = "<group>"; };
		83492EDB206504540054FC8F /* Bar.swift */ = {isa = PBXFileReference; lastKnownFileType = sourcecode.swift; path = Bar.swift; sourceTree = "<group>"; };
		83CDEB54207E857F001FCAD4 /* pouring.mp3 */ = {isa = PBXFileReference; lastKnownFileType = audio.mp3; path = pouring.mp3; sourceTree = "<group>"; };
		F5A6E83E2064F0C50003BF23 /* MapKit.framework */ = {isa = PBXFileReference; lastKnownFileType = wrapper.framework; name = MapKit.framework; path = System/Library/Frameworks/MapKit.framework; sourceTree = SDKROOT; };
		F5A6E8402064F75E0003BF23 /* searchViewController.swift */ = {isa = PBXFileReference; lastKnownFileType = sourcecode.swift; path = searchViewController.swift; sourceTree = "<group>"; };
		F5A6E8422064F7720003BF23 /* mapViewController.swift */ = {isa = PBXFileReference; lastKnownFileType = sourcecode.swift; path = mapViewController.swift; sourceTree = "<group>"; };
		F5A6E8442064F7860003BF23 /* infoViewController.swift */ = {isa = PBXFileReference; lastKnownFileType = sourcecode.swift; path = infoViewController.swift; sourceTree = "<group>"; };
		F5E315C32077A1360049E2AF /* beer.jpg */ = {isa = PBXFileReference; lastKnownFileType = image.jpeg; name = beer.jpg; path = ../../../Images/beer.jpg; sourceTree = "<group>"; };
		F5E315C52077A1450049E2AF /* beer2.png */ = {isa = PBXFileReference; lastKnownFileType = image.png; name = beer2.png; path = ../../../Images/beer2.png; sourceTree = "<group>"; };
/* End PBXFileReference section */

/* Begin PBXFrameworksBuildPhase section */
		83492EC12064EF530054FC8F /* Frameworks */ = {
			isa = PBXFrameworksBuildPhase;
			buildActionMask = 2147483647;
			files = (
				F5A6E83F2064F0C50003BF23 /* MapKit.framework in Frameworks */,
			);
			runOnlyForDeploymentPostprocessing = 0;
		};
/* End PBXFrameworksBuildPhase section */

/* Begin PBXGroup section */
		83492EBB2064EF530054FC8F = {
			isa = PBXGroup;
			children = (
				83492EC62064EF530054FC8F /* BeerHere */,
				83492EC52064EF530054FC8F /* Products */,
				F5A6E83D2064F0C50003BF23 /* Frameworks */,
			);
			sourceTree = "<group>";
		};
		83492EC52064EF530054FC8F /* Products */ = {
			isa = PBXGroup;
			children = (
				83492EC42064EF530054FC8F /* BeerHere.app */,
			);
			name = Products;
			sourceTree = "<group>";
		};
		83492EC62064EF530054FC8F /* BeerHere */ = {
			isa = PBXGroup;
			children = (
				F5E315C52077A1450049E2AF /* beer2.png */,
				F5E315C32077A1360049E2AF /* beer.jpg */,
				83CDEB54207E857F001FCAD4 /* pouring.mp3 */,
				83492EC72064EF530054FC8F /* AppDelegate.swift */,
				83492EC92064EF530054FC8F /* ViewController.swift */,
				83492ECB2064EF530054FC8F /* Main.storyboard */,
				F5A6E8442064F7860003BF23 /* infoViewController.swift */,
				F5A6E8422064F7720003BF23 /* mapViewController.swift */,
				83492EDB206504540054FC8F /* Bar.swift */,
				F5A6E8402064F75E0003BF23 /* searchViewController.swift */,
				83492ECE2064EF530054FC8F /* Assets.xcassets */,
				83492ED02064EF530054FC8F /* LaunchScreen.storyboard */,
				83492ED32064EF530054FC8F /* Info.plist */,
				83041771206CE41B009EE2EC /* LocationSearchTable.swift */,
				833E4861207CF6140017AB11 /* LocationApi.swift */,
			);
			path = BeerHere;
			sourceTree = "<group>";
		};
		F5A6E83D2064F0C50003BF23 /* Frameworks */ = {
			isa = PBXGroup;
			children = (
				F5A6E83E2064F0C50003BF23 /* MapKit.framework */,
			);
			name = Frameworks;
			sourceTree = "<group>";
		};
/* End PBXGroup section */

/* Begin PBXNativeTarget section */
		83492EC32064EF530054FC8F /* BeerHere */ = {
			isa = PBXNativeTarget;
			buildConfigurationList = 83492ED62064EF530054FC8F /* Build configuration list for PBXNativeTarget "BeerHere" */;
			buildPhases = (
				83492EC02064EF530054FC8F /* Sources */,
				83492EC12064EF530054FC8F /* Frameworks */,
				83492EC22064EF530054FC8F /* Resources */,
			);
			buildRules = (
			);
			dependencies = (
			);
			name = BeerHere;
			productName = BeerHere;
			productReference = 83492EC42064EF530054FC8F /* BeerHere.app */;
			productType = "com.apple.product-type.application";
		};
/* End PBXNativeTarget section */

/* Begin PBXProject section */
		83492EBC2064EF530054FC8F /* Project object */ = {
			isa = PBXProject;
			attributes = {
				LastSwiftUpdateCheck = 0920;
				LastUpgradeCheck = 0920;
				ORGANIZATIONNAME = issd;
				TargetAttributes = {
					83492EC32064EF530054FC8F = {
						CreatedOnToolsVersion = 9.2;
						ProvisioningStyle = Automatic;
						SystemCapabilities = {
							com.apple.Maps.iOS = {
								enabled = 1;
							};
						};
					};
				};
			};
			buildConfigurationList = 83492EBF2064EF530054FC8F /* Build configuration list for PBXProject "BeerHere" */;
			compatibilityVersion = "Xcode 8.0";
			developmentRegion = en;
			hasScannedForEncodings = 0;
			knownRegions = (
				en,
				Base,
			);
			mainGroup = 83492EBB2064EF530054FC8F;
			productRefGroup = 83492EC52064EF530054FC8F /* Products */;
			projectDirPath = "";
			projectRoot = "";
			targets = (
				83492EC32064EF530054FC8F /* BeerHere */,
			);
		};
/* End PBXProject section */

/* Begin PBXResourcesBuildPhase section */
		83492EC22064EF530054FC8F /* Resources */ = {
			isa = PBXResourcesBuildPhase;
			buildActionMask = 2147483647;
			files = (
				83492ED22064EF530054FC8F /* LaunchScreen.storyboard in Resources */,
				83CDEB55207E857F001FCAD4 /* pouring.mp3 in Resources */,
				F5E315C42077A1380049E2AF /* beer.jpg in Resources */,
				83492ECF2064EF530054FC8F /* Assets.xcassets in Resources */,
				83492ECD2064EF530054FC8F /* Main.storyboard in Resources */,
				F5E315C62077A1450049E2AF /* beer2.png in Resources */,
			);
			runOnlyForDeploymentPostprocessing = 0;
		};
/* End PBXResourcesBuildPhase section */

/* Begin PBXSourcesBuildPhase section */
		83492EC02064EF530054FC8F /* Sources */ = {
			isa = PBXSourcesBuildPhase;
			buildActionMask = 2147483647;
			files = (
				83041772206CE41B009EE2EC /* LocationSearchTable.swift in Sources */,
				83492ECA2064EF530054FC8F /* ViewController.swift in Sources */,
				83492EDC206504540054FC8F /* Bar.swift in Sources */,
				83492EC82064EF530054FC8F /* AppDelegate.swift in Sources */,
				F5A6E8452064F7860003BF23 /* infoViewController.swift in Sources */,
				F5A6E8412064F75E0003BF23 /* searchViewController.swift in Sources */,
				F5A6E8432064F7720003BF23 /* mapViewController.swift in Sources */,
				833E4862207CF6140017AB11 /* LocationApi.swift in Sources */,
			);
			runOnlyForDeploymentPostprocessing = 0;
		};
/* End PBXSourcesBuildPhase section */

/* Begin PBXVariantGroup section */
		83492ECB2064EF530054FC8F /* Main.storyboard */ = {
			isa = PBXVariantGroup;
			children = (
				83492ECC2064EF530054FC8F /* Base */,
			);
			name = Main.storyboard;
			sourceTree = "<group>";
		};
		83492ED02064EF530054FC8F /* LaunchScreen.storyboard */ = {
			isa = PBXVariantGroup;
			children = (
				83492ED12064EF530054FC8F /* Base */,
			);
			name = LaunchScreen.storyboard;
			sourceTree = "<group>";
		};
/* End PBXVariantGroup section */

/* Begin XCBuildConfiguration section */
		83492ED42064EF530054FC8F /* Debug */ = {
			isa = XCBuildConfiguration;
			buildSettings = {
				ALWAYS_SEARCH_USER_PATHS = NO;
				CLANG_ANALYZER_NONNULL = YES;
				CLANG_ANALYZER_NUMBER_OBJECT_CONVERSION = YES_AGGRESSIVE;
				CLANG_CXX_LANGUAGE_STANDARD = "gnu++14";
				CLANG_CXX_LIBRARY = "libc++";
				CLANG_ENABLE_MODULES = YES;
				CLANG_ENABLE_OBJC_ARC = YES;
				CLANG_WARN_BLOCK_CAPTURE_AUTORELEASING = YES;
				CLANG_WARN_BOOL_CONVERSION = YES;
				CLANG_WARN_COMMA = YES;
				CLANG_WARN_CONSTANT_CONVERSION = YES;
				CLANG_WARN_DIRECT_OBJC_ISA_USAGE = YES_ERROR;
				CLANG_WARN_DOCUMENTATION_COMMENTS = YES;
				CLANG_WARN_EMPTY_BODY = YES;
				CLANG_WARN_ENUM_CONVERSION = YES;
				CLANG_WARN_INFINITE_RECURSION = YES;
				CLANG_WARN_INT_CONVERSION = YES;
				CLANG_WARN_NON_LITERAL_NULL_CONVERSION = YES;
				CLANG_WARN_OBJC_LITERAL_CONVERSION = YES;
				CLANG_WARN_OBJC_ROOT_CLASS = YES_ERROR;
				CLANG_WARN_RANGE_LOOP_ANALYSIS = YES;
				CLANG_WARN_STRICT_PROTOTYPES = YES;
				CLANG_WARN_SUSPICIOUS_MOVE = YES;
				CLANG_WARN_UNGUARDED_AVAILABILITY = YES_AGGRESSIVE;
				CLANG_WARN_UNREACHABLE_CODE = YES;
				CLANG_WARN__DUPLICATE_METHOD_MATCH = YES;
				CODE_SIGN_IDENTITY = "iPhone Developer";
				COPY_PHASE_STRIP = NO;
				DEBUG_INFORMATION_FORMAT = dwarf;
				ENABLE_STRICT_OBJC_MSGSEND = YES;
				ENABLE_TESTABILITY = YES;
				GCC_C_LANGUAGE_STANDARD = gnu11;
				GCC_DYNAMIC_NO_PIC = NO;
				GCC_NO_COMMON_BLOCKS = YES;
				GCC_OPTIMIZATION_LEVEL = 0;
				GCC_PREPROCESSOR_DEFINITIONS = (
					"DEBUG=1",
					"$(inherited)",
				);
				GCC_WARN_64_TO_32_BIT_CONVERSION = YES;
				GCC_WARN_ABOUT_RETURN_TYPE = YES_ERROR;
				GCC_WARN_UNDECLARED_SELECTOR = YES;
				GCC_WARN_UNINITIALIZED_AUTOS = YES_AGGRESSIVE;
				GCC_WARN_UNUSED_FUNCTION = YES;
				GCC_WARN_UNUSED_VARIABLE = YES;
				IPHONEOS_DEPLOYMENT_TARGET = 11.2;
				MTL_ENABLE_DEBUG_INFO = YES;
				ONLY_ACTIVE_ARCH = YES;
				SDKROOT = iphoneos;
				SWIFT_ACTIVE_COMPILATION_CONDITIONS = DEBUG;
				SWIFT_OPTIMIZATION_LEVEL = "-Onone";
			};
			name = Debug;
		};
		83492ED52064EF530054FC8F /* Release */ = {
			isa = XCBuildConfiguration;
			buildSettings = {
				ALWAYS_SEARCH_USER_PATHS = NO;
				CLANG_ANALYZER_NONNULL = YES;
				CLANG_ANALYZER_NUMBER_OBJECT_CONVERSION = YES_AGGRESSIVE;
				CLANG_CXX_LANGUAGE_STANDARD = "gnu++14";
				CLANG_CXX_LIBRARY = "libc++";
				CLANG_ENABLE_MODULES = YES;
				CLANG_ENABLE_OBJC_ARC = YES;
				CLANG_WARN_BLOCK_CAPTURE_AUTORELEASING = YES;
				CLANG_WARN_BOOL_CONVERSION = YES;
				CLANG_WARN_COMMA = YES;
				CLANG_WARN_CONSTANT_CONVERSION = YES;
				CLANG_WARN_DIRECT_OBJC_ISA_USAGE = YES_ERROR;
				CLANG_WARN_DOCUMENTATION_COMMENTS = YES;
				CLANG_WARN_EMPTY_BODY = YES;
				CLANG_WARN_ENUM_CONVERSION = YES;
				CLANG_WARN_INFINITE_RECURSION = YES;
				CLANG_WARN_INT_CONVERSION = YES;
				CLANG_WARN_NON_LITERAL_NULL_CONVERSION = YES;
				CLANG_WARN_OBJC_LITERAL_CONVERSION = YES;
				CLANG_WARN_OBJC_ROOT_CLASS = YES_ERROR;
				CLANG_WARN_RANGE_LOOP_ANALYSIS = YES;
				CLANG_WARN_STRICT_PROTOTYPES = YES;
				CLANG_WARN_SUSPICIOUS_MOVE = YES;
				CLANG_WARN_UNGUARDED_AVAILABILITY = YES_AGGRESSIVE;
				CLANG_WARN_UNREACHABLE_CODE = YES;
				CLANG_WARN__DUPLICATE_METHOD_MATCH = YES;
				CODE_SIGN_IDENTITY = "iPhone Developer";
				COPY_PHASE_STRIP = NO;
				DEBUG_INFORMATION_FORMAT = "dwarf-with-dsym";
				ENABLE_NS_ASSERTIONS = NO;
				ENABLE_STRICT_OBJC_MSGSEND = YES;
				GCC_C_LANGUAGE_STANDARD = gnu11;
				GCC_NO_COMMON_BLOCKS = YES;
				GCC_WARN_64_TO_32_BIT_CONVERSION = YES;
				GCC_WARN_ABOUT_RETURN_TYPE = YES_ERROR;
				GCC_WARN_UNDECLARED_SELECTOR = YES;
				GCC_WARN_UNINITIALIZED_AUTOS = YES_AGGRESSIVE;
				GCC_WARN_UNUSED_FUNCTION = YES;
				GCC_WARN_UNUSED_VARIABLE = YES;
				IPHONEOS_DEPLOYMENT_TARGET = 11.2;
				MTL_ENABLE_DEBUG_INFO = NO;
				SDKROOT = iphoneos;
				SWIFT_OPTIMIZATION_LEVEL = "-Owholemodule";
				VALIDATE_PRODUCT = YES;
			};
			name = Release;
		};
		83492ED72064EF530054FC8F /* Debug */ = {
			isa = XCBuildConfiguration;
			buildSettings = {
				ASSETCATALOG_COMPILER_APPICON_NAME = AppIcon;
				CODE_SIGN_STYLE = Automatic;
				DEVELOPMENT_TEAM = Q2Z9X2BFZB;
				INFOPLIST_FILE = BeerHere/Info.plist;
				IPHONEOS_DEPLOYMENT_TARGET = 11.3;
				LD_RUNPATH_SEARCH_PATHS = "$(inherited) @executable_path/Frameworks";
				PRODUCT_BUNDLE_IDENTIFIER = issd.BeerHere;
				PRODUCT_NAME = "$(TARGET_NAME)";
				SWIFT_VERSION = 4.0;
				TARGETED_DEVICE_FAMILY = "1,2";
			};
			name = Debug;
		};
		83492ED82064EF530054FC8F /* Release */ = {
			isa = XCBuildConfiguration;
			buildSettings = {
				ASSETCATALOG_COMPILER_APPICON_NAME = AppIcon;
				CODE_SIGN_STYLE = Automatic;
				DEVELOPMENT_TEAM = Q2Z9X2BFZB;
				INFOPLIST_FILE = BeerHere/Info.plist;
				IPHONEOS_DEPLOYMENT_TARGET = 11.3;
				LD_RUNPATH_SEARCH_PATHS = "$(inherited) @executable_path/Frameworks";
				PRODUCT_BUNDLE_IDENTIFIER = issd.BeerHere;
				PRODUCT_NAME = "$(TARGET_NAME)";
				SWIFT_VERSION = 4.0;
				TARGETED_DEVICE_FAMILY = "1,2";
			};
			name = Release;
		};
/* End XCBuildConfiguration section */

/* Begin XCConfigurationList section */
		83492EBF2064EF530054FC8F /* Build configuration list for PBXProject "BeerHere" */ = {
			isa = XCConfigurationList;
			buildConfigurations = (
				83492ED42064EF530054FC8F /* Debug */,
				83492ED52064EF530054FC8F /* Release */,
			);
			defaultConfigurationIsVisible = 0;
			defaultConfigurationName = Release;
		};
		83492ED62064EF530054FC8F /* Build configuration list for PBXNativeTarget "BeerHere" */ = {
			isa = XCConfigurationList;
			buildConfigurations = (
				83492ED72064EF530054FC8F /* Debug */,
				83492ED82064EF530054FC8F /* Release */,
			);
			defaultConfigurationIsVisible = 0;
			defaultConfigurationName = Release;
		};
/* End XCConfigurationList section */
	};
	rootObject = 83492EBC2064EF530054FC8F /* Project object */;
}
